# This file was autogenerated by uv via the following command:
#    uv pip compile pyproject.toml --extra dev --python-version 3.12 --python-platform windows --output-file requirements-dev.lock
accelerate==1.12.0
    # via qwen-asr
aiohappyeyeballs==2.7.1
    # via aiohttp
aiohttp==3.14.4
    # via fsspec
aiosignal==1.4.0
    # via aiohttp
alembic==1.20.0
    # via optuna
aliyun-python-sdk-core==2.16.1
    # via
    #   aliyun-python-sdk-kms
    #   oss2
aliyun-python-sdk-kms==2.16.5
    # via oss2
annotated-doc==0.0.5
    # via
    #   fastapi
    #   typer
annotated-types==0.8.0
    # via pydantic
antlr4-python3-runtime==4.9.3
    # via
    #   hydra-core
    #   omegaconf
anyio==4.15.1
    # via
    #   gradio
    #   httpx
    #   starlette
asteroid-filterbanks==0.4.0
    # via pyannote-audio
attrs==26.1.0
    # via aiohttp
av==19.0.1
    # via qwen-omni-utils
blinker==1.9.0
    # via flask
brotli==1.2.0
    # via gradio
cbor2==6.1.5
    # via webauthn
certifi==2026.7.22
    # via
    #   httpcore
    #   httpx
    #   requests
cffi==2.1.1
    # via
    #   cryptography
    #   soundfile
charset-normalizer==3.5.2
    # via requests
click==8.5.0
    # via
    #   flask
    #   uvicorn
cloudpickle==3.1.2
    # via joblib
colorama==0.4.6
    # via
    #   colorlog
    #   pytest
    #   qrcode
    #   tqdm
    #   typer
colorlog==6.12.0
    # via optuna
contourpy==1.4.0
    # via matplotlib
crcmod==1.7
    # via oss2
cryptography==50.0.1
    # via
    #   allday-recording-asr (pyproject.toml)
    #   aliyun-python-sdk-core
    #   modelscope-hub
    #   pyopenssl
    #   webauthn
cycler==0.12.1
    # via matplotlib
cython==3.3.0
    # via dynet38
decorator==5.3.1
    # via librosa
dynet38==2.2
    # via nagisa
einops==0.8.2
    # via pyannote-audio
fastapi==0.142.2
    # via gradio
filelock==4.0.12
    # via
    #   huggingface-hub
    #   modelscope
    #   modelscope-hub
    #   pyannote-pipeline
    #   torch
    #   transformers
flask==3.1.3
    # via qwen-asr
fonttools==4.66.1
    # via matplotlib
frozenlist==1.8.0
    # via
    #   aiohttp
    #   aiosignal
fsspec==2026.9.0
    # via
    #   gradio-client
    #   huggingface-hub
    #   lightning
    #   pytorch-lightning
    #   torch
funasr==1.4.4
    # via allday-recording-asr (pyproject.toml)
googleapis-common-protos==1.75.5
    # via
    #   opentelemetry-exporter-otlp-proto-grpc
    #   opentelemetry-exporter-otlp-proto-http
gradio==6.17.3
    # via qwen-asr
gradio-client==2.5.0
    # via
    #   gradio
    #   hf-gradio
groovy==0.1.2
    # via gradio
grpcio==1.84.0
    # via opentelemetry-exporter-otlp-proto-grpc
h11==0.16.0
    # via
    #   httpcore
    #   uvicorn
hf-gradio==0.4.1
    # via gradio
hf-xet==1.7.0
    # via huggingface-hub
httpcore==1.0.9
    # via httpx
httpx==0.28.1
    # via
    #   gradio
    #   gradio-client
    #   safehttpx
huggingface-hub==0.36.2
    # via
    #   allday-recording-asr (pyproject.toml)
    #   accelerate
    #   funasr
    #   gradio
    #   gradio-client
    #   pyannote-audio
    #   tokenizers
    #   transformers
hydra-core==1.3.7
    # via funasr
idna==3.20
    # via
    #   anyio
    #   httpx
    #   requests
    #   yarl
ifaddr==0.2.0
    # via zeroconf
iniconfig==2.3.1
    # via pytest
itsdangerous==2.2.0
    # via flask
jaconv==0.5.0
    # via funasr
jamo==0.4.1
    # via funasr
jieba==0.42.1
    # via funasr
jinja2==3.1.6
    # via
    #   flask
    #   gradio
    #   torch
jmespath==1.1.0
    # via aliyun-python-sdk-core
joblib==1.6.0
    # via
    #   librosa
    #   pynndescent
    #   scikit-learn
julius==0.2.8
    # via torch-audiomentations
kaldiio==2.18.1
    # via funasr
kiwisolver==1.5.1
    # via matplotlib
lazy-loader==0.6
    # via librosa
librosa==1.0.0
    # via
    #   funasr
    #   qwen-asr
    #   qwen-omni-utils
lightning==2.6.6
    # via pyannote-audio
lightning-utilities==0.15.3
    # via
    #   lightning
    #   pytorch-lightning
    #   torchmetrics
llvmlite==0.50.0
    # via
    #   numba
    #   pynndescent
mako==1.4.3
    # via alembic
markdown-it-py==4.2.0
    # via rich
markupsafe==3.0.4
    # via
    #   flask
    #   gradio
    #   jinja2
    #   mako
    #   werkzeug
matplotlib==3.11.2
    # via pyannote-audio
mdurl==0.1.2
    # via markdown-it-py
modelscope==1.39.1
    # via
    #   allday-recording-asr (pyproject.toml)
    #   funasr
modelscope-hub==0.4.5
    # via modelscope
mpmath==1.3.0
    # via sympy
msgpack==1.2.3
    # via librosa
multidict==6.9.1
    # via
    #   aiohttp
    #   yarl
nagisa==0.2.11
    # via qwen-asr
narwhals==2.26.0
    # via scikit-learn
networkx==3.7
    # via torch
numba==0.68.0
    # via
    #   librosa
    #   pynndescent
    #   umap-learn
numpy==2.5.3
    # via
    #   allday-recording-asr (pyproject.toml)
    #   accelerate
    #   asteroid-filterbanks
    #   contourpy
    #   dynet38
    #   funasr
    #   gradio
    #   kaldiio
    #   librosa
    #   matplotlib
    #   nagisa
    #   numba
    #   optuna
    #   pandas
    #   pyannote-core
    #   pyannote-metrics
    #   pytorch-metric-learning
    #   scikit-learn
    #   scipy
    #   soundfile
    #   sox
    #   soxr
    #   soynlp
    #   tensorboardx
    #   torch-complex
    #   torchmetrics
    #   transformers
    #   umap-learn
omegaconf==2.3.1
    # via
    #   funasr
    #   hydra-core
openai-codex==0.160.0
    # via allday-recording-asr (pyproject.toml)
openai-codex-cli-bin==0.160.0
    # via openai-codex
opentelemetry-api==1.45.1
    # via
    #   fastapi
    #   opentelemetry-exporter-http-transport
    #   opentelemetry-exporter-otlp-proto-grpc
    #   opentelemetry-exporter-otlp-proto-http
    #   opentelemetry-sdk
    #   opentelemetry-semantic-conventions
    #   pyannote-audio
opentelemetry-exporter-http-transport==0.66b1
    # via opentelemetry-exporter-otlp-proto-http
opentelemetry-exporter-otlp==1.45.1
    # via pyannote-audio
opentelemetry-exporter-otlp-common==0.66b1
    # via
    #   opentelemetry-exporter-otlp-proto-grpc
    #   opentelemetry-exporter-otlp-proto-http
opentelemetry-exporter-otlp-proto-common==1.45.1
    # via
    #   opentelemetry-exporter-otlp-proto-grpc
    #   opentelemetry-exporter-otlp-proto-http
opentelemetry-exporter-otlp-proto-grpc==1.45.1
    # via opentelemetry-exporter-otlp
opentelemetry-exporter-otlp-proto-http==1.45.1
    # via opentelemetry-exporter-otlp
opentelemetry-proto==1.45.1
    # via
    #   opentelemetry-exporter-otlp-proto-common
    #   opentelemetry-exporter-otlp-proto-grpc
    #   opentelemetry-exporter-otlp-proto-http
opentelemetry-sdk==1.45.1
    # via
    #   opentelemetry-exporter-otlp-common
    #   opentelemetry-exporter-otlp-proto-grpc
    #   opentelemetry-exporter-otlp-proto-http
    #   pyannote-audio
opentelemetry-semantic-conventions==0.66b1
    # via opentelemetry-sdk
optuna==5.0.0
    # via pyannote-pipeline
orjson==3.12.0
    # via gradio
oss2==2.19.1
    # via funasr
packaging==26.3
    # via
    #   accelerate
    #   gradio
    #   gradio-client
    #   huggingface-hub
    #   hydra-core
    #   lazy-loader
    #   lightning
    #   lightning-utilities
    #   matplotlib
    #   modelscope
    #   openai-codex
    #   optuna
    #   pooch
    #   pytest
    #   pytorch-lightning
    #   qwen-omni-utils
    #   silero-vad
    #   tensorboardx
    #   torch-complex
    #   torch-pitch-shift
    #   torchmetrics
    #   transformers
pandas==3.0.6
    # via
    #   gradio
    #   pyannote-core
    #   pyannote-database
    #   pyannote-metrics
pillow==12.3.0
    # via
    #   gradio
    #   matplotlib
    #   qrcode
    #   qwen-omni-utils
platformdirs==4.12.3
    # via pooch
pluggy==1.6.0
    # via pytest
pooch==1.9.0
    # via librosa
primepy==1.3
    # via torch-pitch-shift
propcache==0.5.4
    # via
    #   aiohttp
    #   yarl
protobuf==7.36.2
    # via
    #   googleapis-common-protos
    #   opentelemetry-proto
    #   tensorboardx
psutil==7.2.2
    # via
    #   allday-recording-asr (pyproject.toml)
    #   accelerate
    #   soynlp
pyannote-audio==4.0.7
    # via allday-recording-asr (pyproject.toml)
pyannote-core==6.0.1
    # via
    #   pyannote-audio
    #   pyannote-database
    #   pyannote-metrics
    #   pyannote-pipeline
pyannote-database==6.1.1
    # via
    #   pyannote-audio
    #   pyannote-metrics
    #   pyannote-pipeline
pyannote-metrics==4.1
    # via pyannote-audio
pyannote-pipeline==4.0.0
    # via pyannote-audio
pyannoteai-sdk==0.4.0
    # via pyannote-audio
pyasn1==0.6.4
    # via
    #   pyasn1-modules
    #   webauthn
pyasn1-modules==0.4.2
    # via webauthn
pycparser==3.0
    # via cffi
pycryptodome==3.24.0
    # via oss2
pydantic==2.13.5
    # via
    #   fastapi
    #   gradio
    #   openai-codex
pydantic-core==2.46.5
    # via pydantic
pydub==0.25.1
    # via gradio
pygments==2.21.0
    # via
    #   pytest
    #   rich
pynndescent==0.6.0
    # via umap-learn
pyopenssl==26.4.0
    # via webauthn
pyparsing==3.3.3
    # via matplotlib
pytest==8.4.2
    # via allday-recording-asr (pyproject.toml)
python-dateutil==2.9.0.post0
    # via
    #   matplotlib
    #   pandas
python-multipart==0.0.32
    # via gradio
pytorch-lightning==2.6.6
    # via lightning
pytorch-metric-learning==2.9.0
    # via pyannote-audio
pytz==2026.5
    # via
    #   gradio
    #   qwen-asr
pyyaml==6.0.3
    # via
    #   accelerate
    #   funasr
    #   gradio
    #   huggingface-hub
    #   lightning
    #   omegaconf
    #   optuna
    #   pyannote-database
    #   pyannote-pipeline
    #   pytorch-lightning
    #   transformers
qrcode==8.2
    # via allday-recording-asr (pyproject.toml)
qwen-asr==0.0.6
    # via allday-recording-asr (pyproject.toml)
qwen-omni-utils==0.0.9
    # via qwen-asr
rapidfuzz==3.14.6
    # via funasr
regex==2026.9.29
    # via
    #   funasr
    #   tiktoken
    #   transformers
requests==2.34.2
    # via
    #   funasr
    #   huggingface-hub
    #   modelscope
    #   modelscope-hub
    #   opentelemetry-exporter-http-transport
    #   opentelemetry-exporter-otlp-proto-http
    #   oss2
    #   pooch
    #   pyannoteai-sdk
    #   qwen-omni-utils
    #   tiktoken
    #   transformers
rich==15.0.0
    # via
    #   pyannote-audio
    #   typer
ruff==0.16.5
    # via allday-recording-asr (pyproject.toml)
safehttpx==0.1.7
    # via gradio
safetensors==0.8.0
    # via
    #   accelerate
    #   funasr
    #   pyannote-audio
    #   transformers
scikit-learn==1.9.1
    # via
    #   librosa
    #   pyannote-metrics
    #   pynndescent
    #   pytorch-metric-learning
    #   soynlp
    #   umap-learn
scipy==1.18.1
    # via
    #   funasr
    #   librosa
    #   pyannote-metrics
    #   pynndescent
    #   scikit-learn
    #   soynlp
    #   umap-learn
semantic-version==2.10.0
    # via gradio
sentencepiece==0.2.2
    # via funasr
setuptools==84.0.0
    # via
    #   modelscope
    #   torch
shellingham==1.5.4
    # via typer
silero-vad==6.2.1
    # via allday-recording-asr (pyproject.toml)
six==1.17.0
    # via
    #   nagisa
    #   oss2
    #   python-dateutil
sortedcontainers==2.4.0
    # via pyannote-core
soundfile==0.14.0
    # via
    #   allday-recording-asr (pyproject.toml)
    #   funasr
    #   librosa
    #   qwen-asr
sox==1.5.0
    # via qwen-asr
soxr==1.1.0
    # via librosa
soynlp==0.0.493
    # via qwen-asr
sqlalchemy==2.1.3
    # via
    #   alembic
    #   optuna
starlette==1.7.0
    # via
    #   fastapi
    #   gradio
sympy==1.14.0
    # via torch
tensorboardx==2.6.5
    # via funasr
threadpoolctl==3.7.0
    # via scikit-learn
tiktoken==0.14.0
    # via funasr
tokenizers==0.22.2
    # via
    #   allday-recording-asr (pyproject.toml)
    #   transformers
tomlkit==0.14.0
    # via gradio
torch==2.9.1
    # via
    #   allday-recording-asr (pyproject.toml)
    #   accelerate
    #   asteroid-filterbanks
    #   julius
    #   lightning
    #   pyannote-audio
    #   pytorch-lightning
    #   pytorch-metric-learning
    #   silero-vad
    #   torch-audiomentations
    #   torch-pitch-shift
    #   torchaudio
    #   torchmetrics
torch-audiomentations==0.12.0
    # via pyannote-audio
torch-complex==0.4.4
    # via funasr
torch-pitch-shift==1.2.5
    # via torch-audiomentations
torchaudio==2.9.1
    # via
    #   allday-recording-asr (pyproject.toml)
    #   pyannote-audio
    #   silero-vad
    #   torch-audiomentations
    #   torch-pitch-shift
torchcodec==0.16.0
    # via
    #   allday-recording-asr (pyproject.toml)
    #   pyannote-audio
torchmetrics==1.9.0
    # via
    #   lightning
    #   pyannote-audio
    #   pytorch-lightning
tqdm==4.70.1
    # via
    #   funasr
    #   huggingface-hub
    #   lightning
    #   modelscope
    #   modelscope-hub
    #   optuna
    #   pyannote-pipeline
    #   pytorch-lightning
    #   pytorch-metric-learning
    #   transformers
    #   umap-learn
transformers==4.57.6
    # via
    #   allday-recording-asr (pyproject.toml)
    #   funasr
    #   qwen-asr
typer==0.27.3
    # via
    #   allday-recording-asr (pyproject.toml)
    #   gradio
    #   hf-gradio
typing-extensions==4.16.0
    # via
    #   aiohttp
    #   aiosignal
    #   alembic
    #   anyio
    #   asteroid-filterbanks
    #   fastapi
    #   gradio
    #   gradio-client
    #   grpcio
    #   huggingface-hub
    #   lightning
    #   lightning-utilities
    #   opentelemetry-api
    #   opentelemetry-exporter-otlp-proto-grpc
    #   opentelemetry-exporter-otlp-proto-http
    #   opentelemetry-sdk
    #   opentelemetry-semantic-conventions
    #   pydantic
    #   pydantic-core
    #   pyopenssl
    #   pytorch-lightning
    #   soundfile
    #   sox
    #   sqlalchemy
    #   starlette
    #   torch
    #   typing-inspection
typing-inspection==0.4.4
    # via
    #   fastapi
    #   pydantic
tzdata==2026.5
    # via
    #   allday-recording-asr (pyproject.toml)
    #   pandas
umap-learn==0.5.12
    # via funasr
urllib3==2.8.0
    # via
    #   modelscope
    #   modelscope-hub
    #   requests
uvicorn==0.54.0
    # via gradio
webauthn==3.0.0
    # via allday-recording-asr (pyproject.toml)
websockets==17.2
    # via funasr
werkzeug==3.1.9
    # via flask
yarl==1.25.1
    # via aiohttp
zeroconf==0.151.5
    # via allday-recording-asr (pyproject.toml)
